
Microsoft Visual Studio Solution File, Format Version 12.00
# Visual Studio Version 16
VisualStudioVersion = 16.0.28922.388
MinimumVisualStudioVersion = 10.0.40219.1
Project("{FAE04EC0-301F-11D3-BF4B-00C04F79EFBC}") = "MorphoPOC", "MorphoPOC\MorphoPOC.csproj", "{9B710959-82D6-4482-A84E-5D54477BBAF8}"
EndProject
Global
	GlobalSection(SolutionConfigurationPlatforms) = preSolution
		Debug|Any CPU = Debug|Any CPU
		Release|Any CPU = Release|Any CPU
	EndGlobalSection
	GlobalSection(ProjectConfigurationPlatforms) = postSolution
		{9B710959-82D6-4482-A84E-5D54477BBAF8}.Debug|Any CPU.ActiveCfg = Debug|Any CPU
		{9B710959-82D6-4482-A84E-5D54477BBAF8}.Debug|Any CPU.Build.0 = Debug|Any CPU
		{9B710959-82D6-4482-A84E-5D54477BBAF8}.Debug|Any CPU.Deploy.0 = Debug|Any CPU
		{9B710959-82D6-4482-A84E-5D54477BBAF8}.Release|Any CPU.ActiveCfg = Release|Any CPU
		{9B710959-82D6-4482-A84E-5D54477BBAF8}.Release|Any CPU.Build.0 = Release|Any CPU
		{9B710959-82D6-4482-A84E-5D54477BBAF8}.Release|Any CPU.Deploy.0 = Release|Any CPU
	EndGlobalSection
	GlobalSection(SolutionProperties) = preSolution
		HideSolutionNode = FALSE
	EndGlobalSection
	GlobalSection(ExtensibilityGlobals) = postSolution
		SolutionGuid = {DFA0FD8A-A9E1-4176-8596-F906DB509396}
	EndGlobalSection
EndGlobal
